
Microsoft Visual Studio Solution File, Format Version 12.00
# Visual Studio Version 17
VisualStudioVersion = 17.1.32228.430
MinimumVisualStudioVersion = 10.0.40219.1
Project("{FAE04EC0-301F-11D3-BF4B-00C04F79EFBC}") = "Task_23_Array_Extension", "Task_23_Array_Extension.csproj", "{FA0CB655-6E5F-4CEA-B2E2-CC0722327532}"
EndProject
Global
	GlobalSection(SolutionConfigurationPlatforms) = preSolution
		Debug|Any CPU = Debug|Any CPU
		Release|Any CPU = Release|Any CPU
	EndGlobalSection
	GlobalSection(ProjectConfigurationPlatforms) = postSolution
		{FA0CB655-6E5F-4CEA-B2E2-CC0722327532}.Debug|Any CPU.ActiveCfg = Debug|Any CPU
		{FA0CB655-6E5F-4CEA-B2E2-CC0722327532}.Debug|Any CPU.Build.0 = Debug|Any CPU
		{FA0CB655-6E5F-4CEA-B2E2-CC0722327532}.Release|Any CPU.ActiveCfg = Release|Any CPU
		{FA0CB655-6E5F-4CEA-B2E2-CC0722327532}.Release|Any CPU.Build.0 = Release|Any CPU
	EndGlobalSection
	GlobalSection(SolutionProperties) = preSolution
		HideSolutionNode = FALSE
	EndGlobalSection
	GlobalSection(ExtensibilityGlobals) = postSolution
		SolutionGuid = {A4030F01-C447-41DD-94A4-F53E66ED3466}
	EndGlobalSection
EndGlobal
